
Microsoft Visual Studio Solution File, Format Version 12.00
# Visual Studio Version 16
VisualStudioVersion = 16.0.30011.22
MinimumVisualStudioVersion = 10.0.40219.1
Project("{FAE04EC0-301F-11D3-BF4B-00C04F79EFBC}") = "TerraCombatTesting", "TerraCombatTesting\TerraCombatTesting.csproj", "{ABAA742C-7011-4C06-BCA4-3E3251E8A54E}"
EndProject
Global
	GlobalSection(SolutionConfigurationPlatforms) = preSolution
		Debug|Any CPU = Debug|Any CPU
		Release|Any CPU = Release|Any CPU
	EndGlobalSection
	GlobalSection(ProjectConfigurationPlatforms) = postSolution
		{ABAA742C-7011-4C06-BCA4-3E3251E8A54E}.Debug|Any CPU.ActiveCfg = Debug|Any CPU
		{ABAA742C-7011-4C06-BCA4-3E3251E8A54E}.Debug|Any CPU.Build.0 = Debug|Any CPU
		{ABAA742C-7011-4C06-BCA4-3E3251E8A54E}.Release|Any CPU.ActiveCfg = Release|Any CPU
		{ABAA742C-7011-4C06-BCA4-3E3251E8A54E}.Release|Any CPU.Build.0 = Release|Any CPU
	EndGlobalSection
	GlobalSection(SolutionProperties) = preSolution
		HideSolutionNode = FALSE
	EndGlobalSection
	GlobalSection(ExtensibilityGlobals) = postSolution
		SolutionGuid = {AE67D83E-807D-4D1B-8290-2ED55CDC5D48}
	EndGlobalSection
EndGlobal
